// !$*UTF8*$!
{
	archiveVersion = 1;
	classes = {
	};
	objectVersion = 48;
	objects = {

/* Begin PBXBuildFile section */
		9A04161D1FB9FEFA006A576B /* AppDelegate.swift in Sources */ = {isa = PBXBuildFile; fileRef = 9A04161C1FB9FEFA006A576B /* AppDelegate.swift */; };
		9A0416221FB9FEFA006A576B /* Main.storyboard in Resources */ = {isa = PBXBuildFile; fileRef = 9A0416201FB9FEFA006A576B /* Main.storyboard */; };
		9A0416251FB9FEFA006A576B /* RoadAPI.xcdatamodeld in Sources */ = {isa = PBXBuildFile; fileRef = 9A0416231FB9FEFA006A576B /* RoadAPI.xcdatamodeld */; };
		9A0416271FB9FEFA006A576B /* Assets.xcassets in Resources */ = {isa = PBXBuildFile; fileRef = 9A0416261FB9FEFA006A576B /* Assets.xcassets */; };
		9A04162A1FB9FEFA006A576B /* LaunchScreen.storyboard in Resources */ = {isa = PBXBuildFile; fileRef = 9A0416281FB9FEFA006A576B /* LaunchScreen.storyboard */; };
		9A0416351FB9FEFA006A576B /* RoadAPITests.swift in Sources */ = {isa = PBXBuildFile; fileRef = 9A0416341FB9FEFA006A576B /* RoadAPITests.swift */; };
		9A0416401FB9FEFA006A576B /* RoadAPIUITests.swift in Sources */ = {isa = PBXBuildFile; fileRef = 9A04163F1FB9FEFA006A576B /* RoadAPIUITests.swift */; };
		9A3311871FC0757B00F550C1 /* MapViewController.swift in Sources */ = {isa = PBXBuildFile; fileRef = 9A3311861FC0757B00F550C1 /* MapViewController.swift */; };
		9A33118A1FC0F1DF00F550C1 /* Services.swift in Sources */ = {isa = PBXBuildFile; fileRef = 9A3311891FC0F1DF00F550C1 /* Services.swift */; };
		9A33118D1FC0FD4400F550C1 /* R.generated.swift in Sources */ = {isa = PBXBuildFile; fileRef = 9A33118C1FC0FD4300F550C1 /* R.generated.swift */; };
		9A552C581FC0FDF200831DE6 /* MainFlowViewController.swift in Sources */ = {isa = PBXBuildFile; fileRef = 9A552C571FC0FDF200831DE6 /* MainFlowViewController.swift */; };
		9A552C5A1FC0FE4D00831DE6 /* ContainerViewController.swift in Sources */ = {isa = PBXBuildFile; fileRef = 9A552C591FC0FE4D00831DE6 /* ContainerViewController.swift */; };
		9A552C5D1FC101A700831DE6 /* Closures.swift in Sources */ = {isa = PBXBuildFile; fileRef = 9A552C5C1FC101A700831DE6 /* Closures.swift */; };
		9AF5DEEF1FBA5BE700A47FD8 /* AppManager.swift in Sources */ = {isa = PBXBuildFile; fileRef = 9AF5DEEE1FBA5BE700A47FD8 /* AppManager.swift */; };
		9AF5DF111FBA689000A47FD8 /* TabBarView.swift in Sources */ = {isa = PBXBuildFile; fileRef = 9AF5DF101FBA689000A47FD8 /* TabBarView.swift */; };
		9BA14601ED67B0A6632636C3 /* Pods_RoadAPITests.framework in Frameworks */ = {isa = PBXBuildFile; fileRef = B4DCF05D9440A752CABF2F11 /* Pods_RoadAPITests.framework */; };
		EF457FEF2D6F19596CB3858B /* Pods_RoadAPIUITests.framework in Frameworks */ = {isa = PBXBuildFile; fileRef = 11F9251411081BEB6056BA5D /* Pods_RoadAPIUITests.framework */; };
		EFF4EAC0070F3BDE174857EB /* Pods_RoadAPI.framework in Frameworks */ = {isa = PBXBuildFile; fileRef = D8B16B45B3F2442666242D94 /* Pods_RoadAPI.framework */; };
/* End PBXBuildFile section */

/* Begin PBXContainerItemProxy section */
		9A0416311FB9FEFA006A576B /* PBXContainerItemProxy */ = {
			isa = PBXContainerItemProxy;
			containerPortal = 9A0416111FB9FEF9006A576B /* Project object */;
			proxyType = 1;
			remoteGlobalIDString = 9A0416181FB9FEFA006A576B;
			remoteInfo = RoadAPI;
		};
		9A04163C1FB9FEFA006A576B /* PBXContainerItemProxy */ = {
			isa = PBXContainerItemProxy;
			containerPortal = 9A0416111FB9FEF9006A576B /* Project object */;
			proxyType = 1;
			remoteGlobalIDString = 9A0416181FB9FEFA006A576B;
			remoteInfo = RoadAPI;
		};
/* End PBXContainerItemProxy section */

/* Begin PBXFileReference section */
		11F9251411081BEB6056BA5D /* Pods_RoadAPIUITests.framework */ = {isa = PBXFileReference; explicitFileType = wrapper.framework; includeInIndex = 0; path = Pods_RoadAPIUITests.framework; sourceTree = BUILT_PRODUCTS_DIR; };
		50D81DE0EBBF57CCD7820371 /* Pods-RoadAPITests.debug.xcconfig */ = {isa = PBXFileReference; includeInIndex = 1; lastKnownFileType = text.xcconfig; name = "Pods-RoadAPITests.debug.xcconfig"; path = "Pods/Target Support Files/Pods-RoadAPITests/Pods-RoadAPITests.debug.xcconfig"; sourceTree = "<group>"; };
		699DCB25589707F884C078C1 /* Pods-RoadAPIUITests.release.xcconfig */ = {isa = PBXFileReference; includeInIndex = 1; lastKnownFileType = text.xcconfig; name = "Pods-RoadAPIUITests.release.xcconfig"; path = "Pods/Target Support Files/Pods-RoadAPIUITests/Pods-RoadAPIUITests.release.xcconfig"; sourceTree = "<group>"; };
		8E390717F71C1146F88C3013 /* Pods-RoadAPI.release.xcconfig */ = {isa = PBXFileReference; includeInIndex = 1; lastKnownFileType = text.xcconfig; name = "Pods-RoadAPI.release.xcconfig"; path = "Pods/Target Support Files/Pods-RoadAPI/Pods-RoadAPI.release.xcconfig"; sourceTree = "<group>"; };
		9A0416191FB9FEFA006A576B /* RoadAPI.app */ = {isa = PBXFileReference; explicitFileType = wrapper.application; includeInIndex = 0; path = RoadAPI.app; sourceTree = BUILT_PRODUCTS_DIR; };
		9A04161C1FB9FEFA006A576B /* AppDelegate.swift */ = {isa = PBXFileReference; lastKnownFileType = sourcecode.swift; path = AppDelegate.swift; sourceTree = "<group>"; };
		9A0416211FB9FEFA006A576B /* Base */ = {isa = PBXFileReference; lastKnownFileType = file.storyboard; name = Base; path = Base.lproj/Main.storyboard; sourceTree = "<group>"; };
		9A0416241FB9FEFA006A576B /* RoadAPI.xcdatamodel */ = {isa = PBXFileReference; lastKnownFileType = wrapper.xcdatamodel; path = RoadAPI.xcdatamodel; sourceTree = "<group>"; };
		9A0416261FB9FEFA006A576B /* Assets.xcassets */ = {isa = PBXFileReference; lastKnownFileType = folder.assetcatalog; path = Assets.xcassets; sourceTree = "<group>"; };
		9A0416291FB9FEFA006A576B /* Base */ = {isa = PBXFileReference; lastKnownFileType = file.storyboard; name = Base; path = Base.lproj/LaunchScreen.storyboard; sourceTree = "<group>"; };
		9A04162B1FB9FEFA006A576B /* Info.plist */ = {isa = PBXFileReference; lastKnownFileType = text.plist.xml; path = Info.plist; sourceTree = "<group>"; };
		9A0416301FB9FEFA006A576B /* RoadAPITests.xctest */ = {isa = PBXFileReference; explicitFileType = wrapper.cfbundle; includeInIndex = 0; path = RoadAPITests.xctest; sourceTree = BUILT_PRODUCTS_DIR; };
		9A0416341FB9FEFA006A576B /* RoadAPITests.swift */ = {isa = PBXFileReference; lastKnownFileType = sourcecode.swift; path = RoadAPITests.swift; sourceTree = "<group>"; };
		9A0416361FB9FEFA006A576B /* Info.plist */ = {isa = PBXFileReference; lastKnownFileType = text.plist.xml; path = Info.plist; sourceTree = "<group>"; };
		9A04163B1FB9FEFA006A576B /* RoadAPIUITests.xctest */ = {isa = PBXFileReference; explicitFileType = wrapper.cfbundle; includeInIndex = 0; path = RoadAPIUITests.xctest; sourceTree = BUILT_PRODUCTS_DIR; };
		9A04163F1FB9FEFA006A576B /* RoadAPIUITests.swift */ = {isa = PBXFileReference; lastKnownFileType = sourcecode.swift; path = RoadAPIUITests.swift; sourceTree = "<group>"; };
		9A0416411FB9FEFA006A576B /* Info.plist */ = {isa = PBXFileReference; lastKnownFileType = text.plist.xml; path = Info.plist; sourceTree = "<group>"; };
		9A3311861FC0757B00F550C1 /* MapViewController.swift */ = {isa = PBXFileReference; lastKnownFileType = sourcecode.swift; path = MapViewController.swift; sourceTree = "<group>"; };
		9A3311891FC0F1DF00F550C1 /* Services.swift */ = {isa = PBXFileReference; lastKnownFileType = sourcecode.swift; path = Services.swift; sourceTree = "<group>"; };
		9A33118C1FC0FD4300F550C1 /* R.generated.swift */ = {isa = PBXFileReference; fileEncoding = 4; lastKnownFileType = sourcecode.swift; path = R.generated.swift; sourceTree = SOURCE_ROOT; };
		9A552C571FC0FDF200831DE6 /* MainFlowViewController.swift */ = {isa = PBXFileReference; lastKnownFileType = sourcecode.swift; path = MainFlowViewController.swift; sourceTree = "<group>"; };
		9A552C591FC0FE4D00831DE6 /* ContainerViewController.swift */ = {isa = PBXFileReference; lastKnownFileType = sourcecode.swift; path = ContainerViewController.swift; sourceTree = "<group>"; };
		9A552C5C1FC101A700831DE6 /* Closures.swift */ = {isa = PBXFileReference; lastKnownFileType = sourcecode.swift; path = Closures.swift; sourceTree = "<group>"; };
		9AF5DEEE1FBA5BE700A47FD8 /* AppManager.swift */ = {isa = PBXFileReference; lastKnownFileType = sourcecode.swift; path = AppManager.swift; sourceTree = "<group>"; };
		9AF5DF101FBA689000A47FD8 /* TabBarView.swift */ = {isa = PBXFileReference; lastKnownFileType = sourcecode.swift; path = TabBarView.swift; sourceTree = "<group>"; };
		AD4EBD6EDA1B23A3CBC73F32 /* Pods-RoadAPI.debug.xcconfig */ = {isa = PBXFileReference; includeInIndex = 1; lastKnownFileType = text.xcconfig; name = "Pods-RoadAPI.debug.xcconfig"; path = "Pods/Target Support Files/Pods-RoadAPI/Pods-RoadAPI.debug.xcconfig"; sourceTree = "<group>"; };
		B4DCF05D9440A752CABF2F11 /* Pods_RoadAPITests.framework */ = {isa = PBXFileReference; explicitFileType = wrapper.framework; includeInIndex = 0; path = Pods_RoadAPITests.framework; sourceTree = BUILT_PRODUCTS_DIR; };
		D5AB0D9915E0CFAFD1C4B33E /* Pods-RoadAPITests.release.xcconfig */ = {isa = PBXFileReference; includeInIndex = 1; lastKnownFileType = text.xcconfig; name = "Pods-RoadAPITests.release.xcconfig"; path = "Pods/Target Support Files/Pods-RoadAPITests/Pods-RoadAPITests.release.xcconfig"; sourceTree = "<group>"; };
		D8B16B45B3F2442666242D94 /* Pods_RoadAPI.framework */ = {isa = PBXFileReference; explicitFileType = wrapper.framework; includeInIndex = 0; path = Pods_RoadAPI.framework; sourceTree = BUILT_PRODUCTS_DIR; };
		E9CFA1BFA0DF309774EA4263 /* Pods-RoadAPIUITests.debug.xcconfig */ = {isa = PBXFileReference; includeInIndex = 1; lastKnownFileType = text.xcconfig; name = "Pods-RoadAPIUITests.debug.xcconfig"; path = "Pods/Target Support Files/Pods-RoadAPIUITests/Pods-RoadAPIUITests.debug.xcconfig"; sourceTree = "<group>"; };
/* End PBXFileReference section */

/* Begin PBXFrameworksBuildPhase section */
		9A0416161FB9FEFA006A576B /* Frameworks */ = {
			isa = PBXFrameworksBuildPhase;
			buildActionMask = 2147483647;
			files = (
				EFF4EAC0070F3BDE174857EB /* Pods_RoadAPI.framework in Frameworks */,
			);
			runOnlyForDeploymentPostprocessing = 0;
		};
		9A04162D1FB9FEFA006A576B /* Frameworks */ = {
			isa = PBXFrameworksBuildPhase;
			buildActionMask = 2147483647;
			files = (
				9BA14601ED67B0A6632636C3 /* Pods_RoadAPITests.framework in Frameworks */,
			);
			runOnlyForDeploymentPostprocessing = 0;
		};
		9A0416381FB9FEFA006A576B /* Frameworks */ = {
			isa = PBXFrameworksBuildPhase;
			buildActionMask = 2147483647;
			files = (
				EF457FEF2D6F19596CB3858B /* Pods_RoadAPIUITests.framework in Frameworks */,
			);
			runOnlyForDeploymentPostprocessing = 0;
		};
/* End PBXFrameworksBuildPhase section */

/* Begin PBXGroup section */
		02D72892EBCC51C4DDEEB609 /* Frameworks */ = {
			isa = PBXGroup;
			children = (
				D8B16B45B3F2442666242D94 /* Pods_RoadAPI.framework */,
				B4DCF05D9440A752CABF2F11 /* Pods_RoadAPITests.framework */,
				11F9251411081BEB6056BA5D /* Pods_RoadAPIUITests.framework */,
			);
			name = Frameworks;
			sourceTree = "<group>";
		};
		3EA697697CCB68A4BC635874 /* Pods */ = {
			isa = PBXGroup;
			children = (
				AD4EBD6EDA1B23A3CBC73F32 /* Pods-RoadAPI.debug.xcconfig */,
				8E390717F71C1146F88C3013 /* Pods-RoadAPI.release.xcconfig */,
				50D81DE0EBBF57CCD7820371 /* Pods-RoadAPITests.debug.xcconfig */,
				D5AB0D9915E0CFAFD1C4B33E /* Pods-RoadAPITests.release.xcconfig */,
				E9CFA1BFA0DF309774EA4263 /* Pods-RoadAPIUITests.debug.xcconfig */,
				699DCB25589707F884C078C1 /* Pods-RoadAPIUITests.release.xcconfig */,
			);
			name = Pods;
			sourceTree = "<group>";
		};
		9A0416101FB9FEF9006A576B = {
			isa = PBXGroup;
			children = (
				9A04161B1FB9FEFA006A576B /* RoadAPI */,
				9A0416331FB9FEFA006A576B /* RoadAPITests */,
				9A04163E1FB9FEFA006A576B /* RoadAPIUITests */,
				9A04161A1FB9FEFA006A576B /* Products */,
				3EA697697CCB68A4BC635874 /* Pods */,
				02D72892EBCC51C4DDEEB609 /* Frameworks */,
			);
			sourceTree = "<group>";
		};
		9A04161A1FB9FEFA006A576B /* Products */ = {
			isa = PBXGroup;
			children = (
				9A0416191FB9FEFA006A576B /* RoadAPI.app */,
				9A0416301FB9FEFA006A576B /* RoadAPITests.xctest */,
				9A04163B1FB9FEFA006A576B /* RoadAPIUITests.xctest */,
			);
			name = Products;
			sourceTree = "<group>";
		};
		9A04161B1FB9FEFA006A576B /* RoadAPI */ = {
			isa = PBXGroup;
			children = (
				9AF5DEED1FBA5B7D00A47FD8 /* AppManager */,
				9AF5DEF31FBA677200A47FD8 /* Base */,
				9A3311881FC0F17B00F550C1 /* Services */,
				9AF5DEF01FBA668300A47FD8 /* Modules */,
				9AF5DEF11FBA66B200A47FD8 /* Resources */,
				9A04161C1FB9FEFA006A576B /* AppDelegate.swift */,
				9A0416261FB9FEFA006A576B /* Assets.xcassets */,
				9A04162B1FB9FEFA006A576B /* Info.plist */,
				9A0416281FB9FEFA006A576B /* LaunchScreen.storyboard */,
				9A0416231FB9FEFA006A576B /* RoadAPI.xcdatamodeld */,
			);
			path = RoadAPI;
			sourceTree = "<group>";
		};
		9A0416331FB9FEFA006A576B /* RoadAPITests */ = {
			isa = PBXGroup;
			children = (
				9A0416341FB9FEFA006A576B /* RoadAPITests.swift */,
				9A0416361FB9FEFA006A576B /* Info.plist */,
			);
			path = RoadAPITests;
			sourceTree = "<group>";
		};
		9A04163E1FB9FEFA006A576B /* RoadAPIUITests */ = {
			isa = PBXGroup;
			children = (
				9A04163F1FB9FEFA006A576B /* RoadAPIUITests.swift */,
				9A0416411FB9FEFA006A576B /* Info.plist */,
			);
			path = RoadAPIUITests;
			sourceTree = "<group>";
		};
		9A3311851FC074EF00F550C1 /* Map */ = {
			isa = PBXGroup;
			children = (
				9A3311861FC0757B00F550C1 /* MapViewController.swift */,
			);
			path = Map;
			sourceTree = "<group>";
		};
		9A3311881FC0F17B00F550C1 /* Services */ = {
			isa = PBXGroup;
			children = (
				9A3311891FC0F1DF00F550C1 /* Services.swift */,
			);
			path = Services;
			sourceTree = "<group>";
		};
		9A552C561FC0FDDD00831DE6 /* Controllers */ = {
			isa = PBXGroup;
			children = (
				9A552C571FC0FDF200831DE6 /* MainFlowViewController.swift */,
				9A552C591FC0FE4D00831DE6 /* ContainerViewController.swift */,
			);
			path = Controllers;
			sourceTree = "<group>";
		};
		9A552C5B1FC1017C00831DE6 /* Constants */ = {
			isa = PBXGroup;
			children = (
				9A552C5C1FC101A700831DE6 /* Closures.swift */,
			);
			path = Constants;
			sourceTree = "<group>";
		};
		9AF5DEED1FBA5B7D00A47FD8 /* AppManager */ = {
			isa = PBXGroup;
			children = (
				9AF5DEEE1FBA5BE700A47FD8 /* AppManager.swift */,
			);
			path = AppManager;
			sourceTree = "<group>";
		};
		9AF5DEF01FBA668300A47FD8 /* Modules */ = {
			isa = PBXGroup;
			children = (
				9A3311851FC074EF00F550C1 /* Map */,
			);
			path = Modules;
			sourceTree = "<group>";
		};
		9AF5DEF11FBA66B200A47FD8 /* Resources */ = {
			isa = PBXGroup;
			children = (
				9AF5DF0E1FBA686D00A47FD8 /* Views */,
				9AF5DEF21FBA66E000A47FD8 /* Storyboards */,
			);
			path = Resources;
			sourceTree = "<group>";
		};
		9AF5DEF21FBA66E000A47FD8 /* Storyboards */ = {
			isa = PBXGroup;
			children = (
				9A0416201FB9FEFA006A576B /* Main.storyboard */,
			);
			path = Storyboards;
			sourceTree = "<group>";
		};
		9AF5DEF31FBA677200A47FD8 /* Base */ = {
			isa = PBXGroup;
			children = (
				9A552C5B1FC1017C00831DE6 /* Constants */,
				9A552C561FC0FDDD00831DE6 /* Controllers */,
				9A33118C1FC0FD4300F550C1 /* R.generated.swift */,
			);
			path = Base;
			sourceTree = "<group>";
		};
		9AF5DF0E1FBA686D00A47FD8 /* Views */ = {
			isa = PBXGroup;
			children = (
				9AF5DF0F1FBA687D00A47FD8 /* TabBar */,
			);
			path = Views;
			sourceTree = "<group>";
		};
		9AF5DF0F1FBA687D00A47FD8 /* TabBar */ = {
			isa = PBXGroup;
			children = (
				9AF5DF101FBA689000A47FD8 /* TabBarView.swift */,
			);
			path = TabBar;
			sourceTree = "<group>";
		};
/* End PBXGroup section */

/* Begin PBXNativeTarget section */
		9A0416181FB9FEFA006A576B /* RoadAPI */ = {
			isa = PBXNativeTarget;
			buildConfigurationList = 9A0416441FB9FEFA006A576B /* Build configuration list for PBXNativeTarget "RoadAPI" */;
			buildPhases = (
				7B013EDA5E673CEB9282EC7D /* [CP] Check Pods Manifest.lock */,
				9A0416151FB9FEFA006A576B /* Sources */,
				9A0416161FB9FEFA006A576B /* Frameworks */,
				9A0416171FB9FEFA006A576B /* Resources */,
				05726B95F074A6EE9A9217F9 /* [CP] Embed Pods Frameworks */,
				90C9FF2ADE64736540C26C62 /* [CP] Copy Pods Resources */,
				9A33118B1FC0FCE900F550C1 /* R.swift */,
			);
			buildRules = (
			);
			dependencies = (
			);
			name = RoadAPI;
			productName = RoadAPI;
			productReference = 9A0416191FB9FEFA006A576B /* RoadAPI.app */;
			productType = "com.apple.product-type.application";
		};
		9A04162F1FB9FEFA006A576B /* RoadAPITests */ = {
			isa = PBXNativeTarget;
			buildConfigurationList = 9A0416471FB9FEFA006A576B /* Build configuration list for PBXNativeTarget "RoadAPITests" */;
			buildPhases = (
				FC97A10DDD54B341E5338FAE /* [CP] Check Pods Manifest.lock */,
				9A04162C1FB9FEFA006A576B /* Sources */,
				9A04162D1FB9FEFA006A576B /* Frameworks */,
				9A04162E1FB9FEFA006A576B /* Resources */,
				2456EDAFAFDB395722748C4E /* [CP] Embed Pods Frameworks */,
				034FA809AD69BA4426924EF7 /* [CP] Copy Pods Resources */,
			);
			buildRules = (
			);
			dependencies = (
				9A0416321FB9FEFA006A576B /* PBXTargetDependency */,
			);
			name = RoadAPITests;
			productName = RoadAPITests;
			productReference = 9A0416301FB9FEFA006A576B /* RoadAPITests.xctest */;
			productType = "com.apple.product-type.bundle.unit-test";
		};
		9A04163A1FB9FEFA006A576B /* RoadAPIUITests */ = {
			isa = PBXNativeTarget;
			buildConfigurationList = 9A04164A1FB9FEFA006A576B /* Build configuration list for PBXNativeTarget "RoadAPIUITests" */;
			buildPhases = (
				A61C59FA7C065C7E76E9CF85 /* [CP] Check Pods Manifest.lock */,
				9A0416371FB9FEFA006A576B /* Sources */,
				9A0416381FB9FEFA006A576B /* Frameworks */,
				9A0416391FB9FEFA006A576B /* Resources */,
				59F9080A5332F14367FBFBB5 /* [CP] Embed Pods Frameworks */,
				9A421E5CB98E6BCF41253FD8 /* [CP] Copy Pods Resources */,
			);
			buildRules = (
			);
			dependencies = (
				9A04163D1FB9FEFA006A576B /* PBXTargetDependency */,
			);
			name = RoadAPIUITests;
			productName = RoadAPIUITests;
			productReference = 9A04163B1FB9FEFA006A576B /* RoadAPIUITests.xctest */;
			productType = "com.apple.product-type.bundle.ui-testing";
		};
/* End PBXNativeTarget section */

/* Begin PBXProject section */
		9A0416111FB9FEF9006A576B /* Project object */ = {
			isa = PBXProject;
			attributes = {
				LastSwiftUpdateCheck = 0910;
				LastUpgradeCheck = 0910;
				ORGANIZATIONNAME = "Denys Zhukov";
				TargetAttributes = {
					9A0416181FB9FEFA006A576B = {
						CreatedOnToolsVersion = 9.1;
						ProvisioningStyle = Manual;
					};
					9A04162F1FB9FEFA006A576B = {
						CreatedOnToolsVersion = 9.1;
						ProvisioningStyle = Automatic;
						TestTargetID = 9A0416181FB9FEFA006A576B;
					};
					9A04163A1FB9FEFA006A576B = {
						CreatedOnToolsVersion = 9.1;
						ProvisioningStyle = Automatic;
						TestTargetID = 9A0416181FB9FEFA006A576B;
					};
				};
			};
			buildConfigurationList = 9A0416141FB9FEFA006A576B /* Build configuration list for PBXProject "RoadAPI" */;
			compatibilityVersion = "Xcode 8.0";
			developmentRegion = en;
			hasScannedForEncodings = 0;
			knownRegions = (
				en,
				Base,
			);
			mainGroup = 9A0416101FB9FEF9006A576B;
			productRefGroup = 9A04161A1FB9FEFA006A576B /* Products */;
			projectDirPath = "";
			projectRoot = "";
			targets = (
				9A0416181FB9FEFA006A576B /* RoadAPI */,
				9A04162F1FB9FEFA006A576B /* RoadAPITests */,
				9A04163A1FB9FEFA006A576B /* RoadAPIUITests */,
			);
		};
/* End PBXProject section */

/* Begin PBXResourcesBuildPhase section */
		9A0416171FB9FEFA006A576B /* Resources */ = {
			isa = PBXResourcesBuildPhase;
			buildActionMask = 2147483647;
			files = (
				9A04162A1FB9FEFA006A576B /* LaunchScreen.storyboard in Resources */,
				9A0416271FB9FEFA006A576B /* Assets.xcassets in Resources */,
				9A0416221FB9FEFA006A576B /* Main.storyboard in Resources */,
			);
			runOnlyForDeploymentPostprocessing = 0;
		};
		9A04162E1FB9FEFA006A576B /* Resources */ = {
			isa = PBXResourcesBuildPhase;
			buildActionMask = 2147483647;
			files = (
			);
			runOnlyForDeploymentPostprocessing = 0;
		};
		9A0416391FB9FEFA006A576B /* Resources */ = {
			isa = PBXResourcesBuildPhase;
			buildActionMask = 2147483647;
			files = (
			);
			runOnlyForDeploymentPostprocessing = 0;
		};
/* End PBXResourcesBuildPhase section */

/* Begin PBXShellScriptBuildPhase section */
		034FA809AD69BA4426924EF7 /* [CP] Copy Pods Resources */ = {
			isa = PBXShellScriptBuildPhase;
			buildActionMask = 2147483647;
			files = (
			);
			inputPaths = (
			);
			name = "[CP] Copy Pods Resources";
			outputPaths = (
			);
			runOnlyForDeploymentPostprocessing = 0;
			shellPath = /bin/sh;
			shellScript = "\"${SRCROOT}/Pods/Target Support Files/Pods-RoadAPITests/Pods-RoadAPITests-resources.sh\"\n";
			showEnvVarsInLog = 0;
		};
		05726B95F074A6EE9A9217F9 /* [CP] Embed Pods Frameworks */ = {
			isa = PBXShellScriptBuildPhase;
			buildActionMask = 2147483647;
			files = (
			);
			inputPaths = (
				"${SRCROOT}/Pods/Target Support Files/Pods-RoadAPI/Pods-RoadAPI-frameworks.sh",
				"${BUILT_PRODUCTS_DIR}/R.swift.Library/Rswift.framework",
			);
			name = "[CP] Embed Pods Frameworks";
			outputPaths = (
				"${TARGET_BUILD_DIR}/${FRAMEWORKS_FOLDER_PATH}/Rswift.framework",
			);
			runOnlyForDeploymentPostprocessing = 0;
			shellPath = /bin/sh;
			shellScript = "\"${SRCROOT}/Pods/Target Support Files/Pods-RoadAPI/Pods-RoadAPI-frameworks.sh\"\n";
			showEnvVarsInLog = 0;
		};
		2456EDAFAFDB395722748C4E /* [CP] Embed Pods Frameworks */ = {
			isa = PBXShellScriptBuildPhase;
			buildActionMask = 2147483647;
			files = (
			);
			inputPaths = (
			);
			name = "[CP] Embed Pods Frameworks";
			outputPaths = (
			);
			runOnlyForDeploymentPostprocessing = 0;
			shellPath = /bin/sh;
			shellScript = "\"${SRCROOT}/Pods/Target Support Files/Pods-RoadAPITests/Pods-RoadAPITests-frameworks.sh\"\n";
			showEnvVarsInLog = 0;
		};
		59F9080A5332F14367FBFBB5 /* [CP] Embed Pods Frameworks */ = {
			isa = PBXShellScriptBuildPhase;
			buildActionMask = 2147483647;
			files = (
			);
			inputPaths = (
			);
			name = "[CP] Embed Pods Frameworks";
			outputPaths = (
			);
			runOnlyForDeploymentPostprocessing = 0;
			shellPath = /bin/sh;
			shellScript = "\"${SRCROOT}/Pods/Target Support Files/Pods-RoadAPIUITests/Pods-RoadAPIUITests-frameworks.sh\"\n";
			showEnvVarsInLog = 0;
		};
		7B013EDA5E673CEB9282EC7D /* [CP] Check Pods Manifest.lock */ = {
			isa = PBXShellScriptBuildPhase;
			buildActionMask = 2147483647;
			files = (
			);
			inputPaths = (
				"${PODS_PODFILE_DIR_PATH}/Podfile.lock",
				"${PODS_ROOT}/Manifest.lock",
			);
			name = "[CP] Check Pods Manifest.lock";
			outputPaths = (
				"$(DERIVED_FILE_DIR)/Pods-RoadAPI-checkManifestLockResult.txt",
			);
			runOnlyForDeploymentPostprocessing = 0;
			shellPath = /bin/sh;
			shellScript = "diff \"${PODS_PODFILE_DIR_PATH}/Podfile.lock\" \"${PODS_ROOT}/Manifest.lock\" > /dev/null\nif [ $? != 0 ] ; then\n    # print error to STDERR\n    echo \"error: The sandbox is not in sync with the Podfile.lock. Run 'pod install' or update your CocoaPods installation.\" >&2\n    exit 1\nfi\n# This output is used by Xcode 'outputs' to avoid re-running this script phase.\necho \"SUCCESS\" > \"${SCRIPT_OUTPUT_FILE_0}\"\n";
			showEnvVarsInLog = 0;
		};
		90C9FF2ADE64736540C26C62 /* [CP] Copy Pods Resources */ = {
			isa = PBXShellScriptBuildPhase;
			buildActionMask = 2147483647;
			files = (
			);
			inputPaths = (
				"${SRCROOT}/Pods/Target Support Files/Pods-RoadAPI/Pods-RoadAPI-resources.sh",
				"${PODS_ROOT}/GoogleMaps/Maps/Frameworks/GoogleMaps.framework/Resources/GoogleMaps.bundle",
			);
			name = "[CP] Copy Pods Resources";
			outputPaths = (
				"${TARGET_BUILD_DIR}/${UNLOCALIZED_RESOURCES_FOLDER_PATH}",
			);
			runOnlyForDeploymentPostprocessing = 0;
			shellPath = /bin/sh;
			shellScript = "\"${SRCROOT}/Pods/Target Support Files/Pods-RoadAPI/Pods-RoadAPI-resources.sh\"\n";
			showEnvVarsInLog = 0;
		};
		9A33118B1FC0FCE900F550C1 /* R.swift */ = {
			isa = PBXShellScriptBuildPhase;
			buildActionMask = 2147483647;
			files = (
			);
			inputPaths = (
			);
			name = R.swift;
			outputPaths = (
			);
			runOnlyForDeploymentPostprocessing = 0;
			shellPath = /bin/sh;
			shellScript = "\"$PODS_ROOT/R.swift/rswift\" generate \"$SRCROOT\"";
		};
		9A421E5CB98E6BCF41253FD8 /* [CP] Copy Pods Resources */ = {
			isa = PBXShellScriptBuildPhase;
			buildActionMask = 2147483647;
			files = (
			);
			inputPaths = (
			);
			name = "[CP] Copy Pods Resources";
			outputPaths = (
			);
			runOnlyForDeploymentPostprocessing = 0;
			shellPath = /bin/sh;
			shellScript = "\"${SRCROOT}/Pods/Target Support Files/Pods-RoadAPIUITests/Pods-RoadAPIUITests-resources.sh\"\n";
			showEnvVarsInLog = 0;
		};
		A61C59FA7C065C7E76E9CF85 /* [CP] Check Pods Manifest.lock */ = {
			isa = PBXShellScriptBuildPhase;
			buildActionMask = 2147483647;
			files = (
			);
			inputPaths = (
				"${PODS_PODFILE_DIR_PATH}/Podfile.lock",
				"${PODS_ROOT}/Manifest.lock",
			);
			name = "[CP] Check Pods Manifest.lock";
			outputPaths = (
				"$(DERIVED_FILE_DIR)/Pods-RoadAPIUITests-checkManifestLockResult.txt",
			);
			runOnlyForDeploymentPostprocessing = 0;
			shellPath = /bin/sh;
			shellScript = "diff \"${PODS_PODFILE_DIR_PATH}/Podfile.lock\" \"${PODS_ROOT}/Manifest.lock\" > /dev/null\nif [ $? != 0 ] ; then\n    # print error to STDERR\n    echo \"error: The sandbox is not in sync with the Podfile.lock. Run 'pod install' or update your CocoaPods installation.\" >&2\n    exit 1\nfi\n# This output is used by Xcode 'outputs' to avoid re-running this script phase.\necho \"SUCCESS\" > \"${SCRIPT_OUTPUT_FILE_0}\"\n";
			showEnvVarsInLog = 0;
		};
		FC97A10DDD54B341E5338FAE /* [CP] Check Pods Manifest.lock */ = {
			isa = PBXShellScriptBuildPhase;
			buildActionMask = 2147483647;
			files = (
			);
			inputPaths = (
				"${PODS_PODFILE_DIR_PATH}/Podfile.lock",
				"${PODS_ROOT}/Manifest.lock",
			);
			name = "[CP] Check Pods Manifest.lock";
			outputPaths = (
				"$(DERIVED_FILE_DIR)/Pods-RoadAPITests-checkManifestLockResult.txt",
			);
			runOnlyForDeploymentPostprocessing = 0;
			shellPath = /bin/sh;
			shellScript = "diff \"${PODS_PODFILE_DIR_PATH}/Podfile.lock\" \"${PODS_ROOT}/Manifest.lock\" > /dev/null\nif [ $? != 0 ] ; then\n    # print error to STDERR\n    echo \"error: The sandbox is not in sync with the Podfile.lock. Run 'pod install' or update your CocoaPods installation.\" >&2\n    exit 1\nfi\n# This output is used by Xcode 'outputs' to avoid re-running this script phase.\necho \"SUCCESS\" > \"${SCRIPT_OUTPUT_FILE_0}\"\n";
			showEnvVarsInLog = 0;
		};
/* End PBXShellScriptBuildPhase section */

/* Begin PBXSourcesBuildPhase section */
		9A0416151FB9FEFA006A576B /* Sources */ = {
			isa = PBXSourcesBuildPhase;
			buildActionMask = 2147483647;
			files = (
				9A0416251FB9FEFA006A576B /* RoadAPI.xcdatamodeld in Sources */,
				9A33118D1FC0FD4400F550C1 /* R.generated.swift in Sources */,
				9A33118A1FC0F1DF00F550C1 /* Services.swift in Sources */,
				9A552C581FC0FDF200831DE6 /* MainFlowViewController.swift in Sources */,
				9A04161D1FB9FEFA006A576B /* AppDelegate.swift in Sources */,
				9AF5DEEF1FBA5BE700A47FD8 /* AppManager.swift in Sources */,
				9A3311871FC0757B00F550C1 /* MapViewController.swift in Sources */,
				9A552C5D1FC101A700831DE6 /* Closures.swift in Sources */,
				9A552C5A1FC0FE4D00831DE6 /* ContainerViewController.swift in Sources */,
				9AF5DF111FBA689000A47FD8 /* TabBarView.swift in Sources */,
			);
			runOnlyForDeploymentPostprocessing = 0;
		};
		9A04162C1FB9FEFA006A576B /* Sources */ = {
			isa = PBXSourcesBuildPhase;
			buildActionMask = 2147483647;
			files = (
				9A0416351FB9FEFA006A576B /* RoadAPITests.swift in Sources */,
			);
			runOnlyForDeploymentPostprocessing = 0;
		};
		9A0416371FB9FEFA006A576B /* Sources */ = {
			isa = PBXSourcesBuildPhase;
			buildActionMask = 2147483647;
			files = (
				9A0416401FB9FEFA006A576B /* RoadAPIUITests.swift in Sources */,
			);
			runOnlyForDeploymentPostprocessing = 0;
		};
/* End PBXSourcesBuildPhase section */

/* Begin PBXTargetDependency section */
		9A0416321FB9FEFA006A576B /* PBXTargetDependency */ = {
			isa = PBXTargetDependency;
			target = 9A0416181FB9FEFA006A576B /* RoadAPI */;
			targetProxy = 9A0416311FB9FEFA006A576B /* PBXContainerItemProxy */;
		};
		9A04163D1FB9FEFA006A576B /* PBXTargetDependency */ = {
			isa = PBXTargetDependency;
			target = 9A0416181FB9FEFA006A576B /* RoadAPI */;
			targetProxy = 9A04163C1FB9FEFA006A576B /* PBXContainerItemProxy */;
		};
/* End PBXTargetDependency section */

/* Begin PBXVariantGroup section */
		9A0416201FB9FEFA006A576B /* Main.storyboard */ = {
			isa = PBXVariantGroup;
			children = (
				9A0416211FB9FEFA006A576B /* Base */,
			);
			name = Main.storyboard;
			sourceTree = "<group>";
		};
		9A0416281FB9FEFA006A576B /* LaunchScreen.storyboard */ = {
			isa = PBXVariantGroup;
			children = (
				9A0416291FB9FEFA006A576B /* Base */,
			);
			name = LaunchScreen.storyboard;
			sourceTree = "<group>";
		};
/* End PBXVariantGroup section */

/* Begin XCBuildConfiguration section */
		9A0416421FB9FEFA006A576B /* Debug */ = {
			isa = XCBuildConfiguration;
			buildSettings = {
				ALWAYS_SEARCH_USER_PATHS = NO;
				CLANG_ANALYZER_NONNULL = YES;
				CLANG_ANALYZER_NUMBER_OBJECT_CONVERSION = YES_AGGRESSIVE;
				CLANG_CXX_LANGUAGE_STANDARD = "gnu++14";
				CLANG_CXX_LIBRARY = "libc++";
				CLANG_ENABLE_MODULES = YES;
				CLANG_ENABLE_OBJC_ARC = YES;
				CLANG_WARN_BLOCK_CAPTURE_AUTORELEASING = YES;
				CLANG_WARN_BOOL_CONVERSION = YES;
				CLANG_WARN_COMMA = YES;
				CLANG_WARN_CONSTANT_CONVERSION = YES;
				CLANG_WARN_DIRECT_OBJC_ISA_USAGE = YES_ERROR;
				CLANG_WARN_DOCUMENTATION_COMMENTS = YES;
				CLANG_WARN_EMPTY_BODY = YES;
				CLANG_WARN_ENUM_CONVERSION = YES;
				CLANG_WARN_INFINITE_RECURSION = YES;
				CLANG_WARN_INT_CONVERSION = YES;
				CLANG_WARN_NON_LITERAL_NULL_CONVERSION = YES;
				CLANG_WARN_OBJC_LITERAL_CONVERSION = YES;
				CLANG_WARN_OBJC_ROOT_CLASS = YES_ERROR;
				CLANG_WARN_RANGE_LOOP_ANALYSIS = YES;
				CLANG_WARN_STRICT_PROTOTYPES = YES;
				CLANG_WARN_SUSPICIOUS_MOVE = YES;
				CLANG_WARN_UNGUARDED_AVAILABILITY = YES_AGGRESSIVE;
				CLANG_WARN_UNREACHABLE_CODE = YES;
				CLANG_WARN__DUPLICATE_METHOD_MATCH = YES;
				CODE_SIGN_IDENTITY = "iPhone Developer";
				COPY_PHASE_STRIP = NO;
				DEBUG_INFORMATION_FORMAT = dwarf;
				ENABLE_STRICT_OBJC_MSGSEND = YES;
				ENABLE_TESTABILITY = YES;
				GCC_C_LANGUAGE_STANDARD = gnu11;
				GCC_DYNAMIC_NO_PIC = NO;
				GCC_NO_COMMON_BLOCKS = YES;
				GCC_OPTIMIZATION_LEVEL = 0;
				GCC_PREPROCESSOR_DEFINITIONS = (
					"DEBUG=1",
					"$(inherited)",
				);
				GCC_WARN_64_TO_32_BIT_CONVERSION = YES;
				GCC_WARN_ABOUT_RETURN_TYPE = YES_ERROR;
				GCC_WARN_UNDECLARED_SELECTOR = YES;
				GCC_WARN_UNINITIALIZED_AUTOS = YES_AGGRESSIVE;
				GCC_WARN_UNUSED_FUNCTION = YES;
				GCC_WARN_UNUSED_VARIABLE = YES;
				IPHONEOS_DEPLOYMENT_TARGET = 11.1;
				MTL_ENABLE_DEBUG_INFO = YES;
				ONLY_ACTIVE_ARCH = YES;
				SDKROOT = iphoneos;
				SWIFT_ACTIVE_COMPILATION_CONDITIONS = DEBUG;
				SWIFT_OPTIMIZATION_LEVEL = "-Onone";
			};
			name = Debug;
		};
		9A0416431FB9FEFA006A576B /* Release */ = {
			isa = XCBuildConfiguration;
			buildSettings = {
				ALWAYS_SEARCH_USER_PATHS = NO;
				CLANG_ANALYZER_NONNULL = YES;
				CLANG_ANALYZER_NUMBER_OBJECT_CONVERSION = YES_AGGRESSIVE;
				CLANG_CXX_LANGUAGE_STANDARD = "gnu++14";
				CLANG_CXX_LIBRARY = "libc++";
				CLANG_ENABLE_MODULES = YES;
				CLANG_ENABLE_OBJC_ARC = YES;
				CLANG_WARN_BLOCK_CAPTURE_AUTORELEASING = YES;
				CLANG_WARN_BOOL_CONVERSION = YES;
				CLANG_WARN_COMMA = YES;
				CLANG_WARN_CONSTANT_CONVERSION = YES;
				CLANG_WARN_DIRECT_OBJC_ISA_USAGE = YES_ERROR;
				CLANG_WARN_DOCUMENTATION_COMMENTS = YES;
				CLANG_WARN_EMPTY_BODY = YES;
				CLANG_WARN_ENUM_CONVERSION = YES;
				CLANG_WARN_INFINITE_RECURSION = YES;
				CLANG_WARN_INT_CONVERSION = YES;
				CLANG_WARN_NON_LITERAL_NULL_CONVERSION = YES;
				CLANG_WARN_OBJC_LITERAL_CONVERSION = YES;
				CLANG_WARN_OBJC_ROOT_CLASS = YES_ERROR;
				CLANG_WARN_RANGE_LOOP_ANALYSIS = YES;
				CLANG_WARN_STRICT_PROTOTYPES = YES;
				CLANG_WARN_SUSPICIOUS_MOVE = YES;
				CLANG_WARN_UNGUARDED_AVAILABILITY = YES_AGGRESSIVE;
				CLANG_WARN_UNREACHABLE_CODE = YES;
				CLANG_WARN__DUPLICATE_METHOD_MATCH = YES;
				CODE_SIGN_IDENTITY = "iPhone Developer";
				COPY_PHASE_STRIP = NO;
				DEBUG_INFORMATION_FORMAT = "dwarf-with-dsym";
				ENABLE_NS_ASSERTIONS = NO;
				ENABLE_STRICT_OBJC_MSGSEND = YES;
				GCC_C_LANGUAGE_STANDARD = gnu11;
				GCC_NO_COMMON_BLOCKS = YES;
				GCC_WARN_64_TO_32_BIT_CONVERSION = YES;
				GCC_WARN_ABOUT_RETURN_TYPE = YES_ERROR;
				GCC_WARN_UNDECLARED_SELECTOR = YES;
				GCC_WARN_UNINITIALIZED_AUTOS = YES_AGGRESSIVE;
				GCC_WARN_UNUSED_FUNCTION = YES;
				GCC_WARN_UNUSED_VARIABLE = YES;
				IPHONEOS_DEPLOYMENT_TARGET = 11.1;
				MTL_ENABLE_DEBUG_INFO = NO;
				SDKROOT = iphoneos;
				SWIFT_OPTIMIZATION_LEVEL = "-Owholemodule";
				VALIDATE_PRODUCT = YES;
			};
			name = Release;
		};
		9A0416451FB9FEFA006A576B /* Debug */ = {
			isa = XCBuildConfiguration;
			baseConfigurationReference = AD4EBD6EDA1B23A3CBC73F32 /* Pods-RoadAPI.debug.xcconfig */;
			buildSettings = {
				ASSETCATALOG_COMPILER_APPICON_NAME = AppIcon;
				CODE_SIGN_STYLE = Manual;
				DEVELOPMENT_TEAM = "";
				INFOPLIST_FILE = RoadAPI/Info.plist;
				LD_RUNPATH_SEARCH_PATHS = "$(inherited) @executable_path/Frameworks";
				PRODUCT_BUNDLE_IDENTIFIER = com.zhukovdenys.RoadAPI;
				PRODUCT_NAME = "$(TARGET_NAME)";
				PROVISIONING_PROFILE_SPECIFIER = "";
				SWIFT_VERSION = 4.0;
				TARGETED_DEVICE_FAMILY = "1,2";
			};
			name = Debug;
		};
		9A0416461FB9FEFA006A576B /* Release */ = {
			isa = XCBuildConfiguration;
			baseConfigurationReference = 8E390717F71C1146F88C3013 /* Pods-RoadAPI.release.xcconfig */;
			buildSettings = {
				ASSETCATALOG_COMPILER_APPICON_NAME = AppIcon;
				CODE_SIGN_STYLE = Manual;
				DEVELOPMENT_TEAM = "";
				INFOPLIST_FILE = RoadAPI/Info.plist;
				LD_RUNPATH_SEARCH_PATHS = "$(inherited) @executable_path/Frameworks";
				PRODUCT_BUNDLE_IDENTIFIER = com.zhukovdenys.RoadAPI;
				PRODUCT_NAME = "$(TARGET_NAME)";
				PROVISIONING_PROFILE_SPECIFIER = "";
				SWIFT_VERSION = 4.0;
				TARGETED_DEVICE_FAMILY = "1,2";
			};
			name = Release;
		};
		9A0416481FB9FEFA006A576B /* Debug */ = {
			isa = XCBuildConfiguration;
			baseConfigurationReference = 50D81DE0EBBF57CCD7820371 /* Pods-RoadAPITests.debug.xcconfig */;
			buildSettings = {
				ALWAYS_EMBED_SWIFT_STANDARD_LIBRARIES = YES;
				BUNDLE_LOADER = "$(TEST_HOST)";
				CODE_SIGN_STYLE = Automatic;
				INFOPLIST_FILE = RoadAPITests/Info.plist;
				LD_RUNPATH_SEARCH_PATHS = "$(inherited) @executable_path/Frameworks @loader_path/Frameworks";
				PRODUCT_BUNDLE_IDENTIFIER = com.zhukovdenys.RoadAPITests;
				PRODUCT_NAME = "$(TARGET_NAME)";
				SWIFT_VERSION = 4.0;
				TARGETED_DEVICE_FAMILY = "1,2";
				TEST_HOST = "$(BUILT_PRODUCTS_DIR)/RoadAPI.app/RoadAPI";
			};
			name = Debug;
		};
		9A0416491FB9FEFA006A576B /* Release */ = {
			isa = XCBuildConfiguration;
			baseConfigurationReference = D5AB0D9915E0CFAFD1C4B33E /* Pods-RoadAPITests.release.xcconfig */;
			buildSettings = {
				ALWAYS_EMBED_SWIFT_STANDARD_LIBRARIES = YES;
				BUNDLE_LOADER = "$(TEST_HOST)";
				CODE_SIGN_STYLE = Automatic;
				INFOPLIST_FILE = RoadAPITests/Info.plist;
				LD_RUNPATH_SEARCH_PATHS = "$(inherited) @executable_path/Frameworks @loader_path/Frameworks";
				PRODUCT_BUNDLE_IDENTIFIER = com.zhukovdenys.RoadAPITests;
				PRODUCT_NAME = "$(TARGET_NAME)";
				SWIFT_VERSION = 4.0;
				TARGETED_DEVICE_FAMILY = "1,2";
				TEST_HOST = "$(BUILT_PRODUCTS_DIR)/RoadAPI.app/RoadAPI";
			};
			name = Release;
		};
		9A04164B1FB9FEFA006A576B /* Debug */ = {
			isa = XCBuildConfiguration;
			baseConfigurationReference = E9CFA1BFA0DF309774EA4263 /* Pods-RoadAPIUITests.debug.xcconfig */;
			buildSettings = {
				ALWAYS_EMBED_SWIFT_STANDARD_LIBRARIES = YES;
				CODE_SIGN_STYLE = Automatic;
				INFOPLIST_FILE = RoadAPIUITests/Info.plist;
				LD_RUNPATH_SEARCH_PATHS = "$(inherited) @executable_path/Frameworks @loader_path/Frameworks";
				PRODUCT_BUNDLE_IDENTIFIER = com.zhukovdenys.RoadAPIUITests;
				PRODUCT_NAME = "$(TARGET_NAME)";
				SWIFT_VERSION = 4.0;
				TARGETED_DEVICE_FAMILY = "1,2";
				TEST_TARGET_NAME = RoadAPI;
			};
			name = Debug;
		};
		9A04164C1FB9FEFA006A576B /* Release */ = {
			isa = XCBuildConfiguration;
			baseConfigurationReference = 699DCB25589707F884C078C1 /* Pods-RoadAPIUITests.release.xcconfig */;
			buildSettings = {
				ALWAYS_EMBED_SWIFT_STANDARD_LIBRARIES = YES;
				CODE_SIGN_STYLE = Automatic;
				INFOPLIST_FILE = RoadAPIUITests/Info.plist;
				LD_RUNPATH_SEARCH_PATHS = "$(inherited) @executable_path/Frameworks @loader_path/Frameworks";
				PRODUCT_BUNDLE_IDENTIFIER = com.zhukovdenys.RoadAPIUITests;
				PRODUCT_NAME = "$(TARGET_NAME)";
				SWIFT_VERSION = 4.0;
				TARGETED_DEVICE_FAMILY = "1,2";
				TEST_TARGET_NAME = RoadAPI;
			};
			name = Release;
		};
/* End XCBuildConfiguration section */

/* Begin XCConfigurationList section */
		9A0416141FB9FEFA006A576B /* Build configuration list for PBXProject "RoadAPI" */ = {
			isa = XCConfigurationList;
			buildConfigurations = (
				9A0416421FB9FEFA006A576B /* Debug */,
				9A0416431FB9FEFA006A576B /* Release */,
			);
			defaultConfigurationIsVisible = 0;
			defaultConfigurationName = Release;
		};
		9A0416441FB9FEFA006A576B /* Build configuration list for PBXNativeTarget "RoadAPI" */ = {
			isa = XCConfigurationList;
			buildConfigurations = (
				9A0416451FB9FEFA006A576B /* Debug */,
				9A0416461FB9FEFA006A576B /* Release */,
			);
			defaultConfigurationIsVisible = 0;
			defaultConfigurationName = Release;
		};
		9A0416471FB9FEFA006A576B /* Build configuration list for PBXNativeTarget "RoadAPITests" */ = {
			isa = XCConfigurationList;
			buildConfigurations = (
				9A0416481FB9FEFA006A576B /* Debug */,
				9A0416491FB9FEFA006A576B /* Release */,
			);
			defaultConfigurationIsVisible = 0;
			defaultConfigurationName = Release;
		};
		9A04164A1FB9FEFA006A576B /* Build configuration list for PBXNativeTarget "RoadAPIUITests" */ = {
			isa = XCConfigurationList;
			buildConfigurations = (
				9A04164B1FB9FEFA006A576B /* Debug */,
				9A04164C1FB9FEFA006A576B /* Release */,
			);
			defaultConfigurationIsVisible = 0;
			defaultConfigurationName = Release;
		};
/* End XCConfigurationList section */

/* Begin XCVersionGroup section */
		9A0416231FB9FEFA006A576B /* RoadAPI.xcdatamodeld */ = {
			isa = XCVersionGroup;
			children = (
				9A0416241FB9FEFA006A576B /* RoadAPI.xcdatamodel */,
			);
			currentVersion = 9A0416241FB9FEFA006A576B /* RoadAPI.xcdatamodel */;
			path = RoadAPI.xcdatamodeld;
			sourceTree = "<group>";
			versionGroupType = wrapper.xcdatamodel;
		};
/* End XCVersionGroup section */
	};
	rootObject = 9A0416111FB9FEF9006A576B /* Project object */;
}
